
Microsoft Visual Studio Solution File, Format Version 12.00
# Visual Studio 15
VisualStudioVersion = 15.0.26124.0
MinimumVisualStudioVersion = 15.0.26124.0
Project("{2150E333-8FDC-42A3-9474-1A3956D46DE8}") = "src", "src", "{4D9B17D3-F503-475D-9712-A79889FDFB73}"
EndProject
Project("{FAE04EC0-301F-11D3-BF4B-00C04F79EFBC}") = "StateStores", "src\StateStores\StateStores.csproj", "{30783998-0B7A-4EBA-AAF2-34C31356EC50}"
EndProject
Project("{FAE04EC0-301F-11D3-BF4B-00C04F79EFBC}") = "StateStores.InMemory", "src\StateStores.InMemory\StateStores.InMemory.csproj", "{EBD165F1-AC0C-4CF3-A3CF-14594A758CCD}"
EndProject
Project("{FAE04EC0-301F-11D3-BF4B-00C04F79EFBC}") = "StateStores.Redis", "src\StateStores.Redis\StateStores.Redis.csproj", "{CF4F1C1D-9F35-4A25-89CA-93860842D410}"
EndProject
Project("{2150E333-8FDC-42A3-9474-1A3956D46DE8}") = "tests", "tests", "{F3A13433-E5BF-469A-B5DF-19436A9BD0E4}"
EndProject
Project("{FAE04EC0-301F-11D3-BF4B-00C04F79EFBC}") = "StateStores.Test", "tests\StateStores.Test\StateStores.Test.csproj", "{61EFEC1E-3312-447C-BA9E-4B896C6A0F50}"
EndProject
Project("{FAE04EC0-301F-11D3-BF4B-00C04F79EFBC}") = "StateStore.InMemory.Test", "tests\StateStore.InMemory.Test\StateStore.InMemory.Test.csproj", "{645CE458-935D-4BA4-8652-217CEDA2804E}"
EndProject
Project("{FAE04EC0-301F-11D3-BF4B-00C04F79EFBC}") = "StateStore.Redis.Test", "tests\StateStore.Redis.Test\StateStore.Redis.Test.csproj", "{AEB6B1DA-E4E4-43CA-BFF1-BF3C8A44CE75}"
EndProject
Global
	GlobalSection(SolutionConfigurationPlatforms) = preSolution
		Debug|Any CPU = Debug|Any CPU
		Debug|x64 = Debug|x64
		Debug|x86 = Debug|x86
		Release|Any CPU = Release|Any CPU
		Release|x64 = Release|x64
		Release|x86 = Release|x86
	EndGlobalSection
	GlobalSection(SolutionProperties) = preSolution
		HideSolutionNode = FALSE
	EndGlobalSection
	GlobalSection(ProjectConfigurationPlatforms) = postSolution
		{30783998-0B7A-4EBA-AAF2-34C31356EC50}.Debug|Any CPU.ActiveCfg = Debug|Any CPU
		{30783998-0B7A-4EBA-AAF2-34C31356EC50}.Debug|Any CPU.Build.0 = Debug|Any CPU
		{30783998-0B7A-4EBA-AAF2-34C31356EC50}.Debug|x64.ActiveCfg = Debug|Any CPU
		{30783998-0B7A-4EBA-AAF2-34C31356EC50}.Debug|x64.Build.0 = Debug|Any CPU
		{30783998-0B7A-4EBA-AAF2-34C31356EC50}.Debug|x86.ActiveCfg = Debug|Any CPU
		{30783998-0B7A-4EBA-AAF2-34C31356EC50}.Debug|x86.Build.0 = Debug|Any CPU
		{30783998-0B7A-4EBA-AAF2-34C31356EC50}.Release|Any CPU.ActiveCfg = Release|Any CPU
		{30783998-0B7A-4EBA-AAF2-34C31356EC50}.Release|Any CPU.Build.0 = Release|Any CPU
		{30783998-0B7A-4EBA-AAF2-34C31356EC50}.Release|x64.ActiveCfg = Release|Any CPU
		{30783998-0B7A-4EBA-AAF2-34C31356EC50}.Release|x64.Build.0 = Release|Any CPU
		{30783998-0B7A-4EBA-AAF2-34C31356EC50}.Release|x86.ActiveCfg = Release|Any CPU
		{30783998-0B7A-4EBA-AAF2-34C31356EC50}.Release|x86.Build.0 = Release|Any CPU
		{EBD165F1-AC0C-4CF3-A3CF-14594A758CCD}.Debug|Any CPU.ActiveCfg = Debug|Any CPU
		{EBD165F1-AC0C-4CF3-A3CF-14594A758CCD}.Debug|Any CPU.Build.0 = Debug|Any CPU
		{EBD165F1-AC0C-4CF3-A3CF-14594A758CCD}.Debug|x64.ActiveCfg = Debug|Any CPU
		{EBD165F1-AC0C-4CF3-A3CF-14594A758CCD}.Debug|x64.Build.0 = Debug|Any CPU
		{EBD165F1-AC0C-4CF3-A3CF-14594A758CCD}.Debug|x86.ActiveCfg = Debug|Any CPU
		{EBD165F1-AC0C-4CF3-A3CF-14594A758CCD}.Debug|x86.Build.0 = Debug|Any CPU
		{EBD165F1-AC0C-4CF3-A3CF-14594A758CCD}.Release|Any CPU.ActiveCfg = Release|Any CPU
		{EBD165F1-AC0C-4CF3-A3CF-14594A758CCD}.Release|Any CPU.Build.0 = Release|Any CPU
		{EBD165F1-AC0C-4CF3-A3CF-14594A758CCD}.Release|x64.ActiveCfg = Release|Any CPU
		{EBD165F1-AC0C-4CF3-A3CF-14594A758CCD}.Release|x64.Build.0 = Release|Any CPU
		{EBD165F1-AC0C-4CF3-A3CF-14594A758CCD}.Release|x86.ActiveCfg = Release|Any CPU
		{EBD165F1-AC0C-4CF3-A3CF-14594A758CCD}.Release|x86.Build.0 = Release|Any CPU
		{CF4F1C1D-9F35-4A25-89CA-93860842D410}.Debug|Any CPU.ActiveCfg = Debug|Any CPU
		{CF4F1C1D-9F35-4A25-89CA-93860842D410}.Debug|Any CPU.Build.0 = Debug|Any CPU
		{CF4F1C1D-9F35-4A25-89CA-93860842D410}.Debug|x64.ActiveCfg = Debug|Any CPU
		{CF4F1C1D-9F35-4A25-89CA-93860842D410}.Debug|x64.Build.0 = Debug|Any CPU
		{CF4F1C1D-9F35-4A25-89CA-93860842D410}.Debug|x86.ActiveCfg = Debug|Any CPU
		{CF4F1C1D-9F35-4A25-89CA-93860842D410}.Debug|x86.Build.0 = Debug|Any CPU
		{CF4F1C1D-9F35-4A25-89CA-93860842D410}.Release|Any CPU.ActiveCfg = Release|Any CPU
		{CF4F1C1D-9F35-4A25-89CA-93860842D410}.Release|Any CPU.Build.0 = Release|Any CPU
		{CF4F1C1D-9F35-4A25-89CA-93860842D410}.Release|x64.ActiveCfg = Release|Any CPU
		{CF4F1C1D-9F35-4A25-89CA-93860842D410}.Release|x64.Build.0 = Release|Any CPU
		{CF4F1C1D-9F35-4A25-89CA-93860842D410}.Release|x86.ActiveCfg = Release|Any CPU
		{CF4F1C1D-9F35-4A25-89CA-93860842D410}.Release|x86.Build.0 = Release|Any CPU
		{61EFEC1E-3312-447C-BA9E-4B896C6A0F50}.Debug|Any CPU.ActiveCfg = Debug|Any CPU
		{61EFEC1E-3312-447C-BA9E-4B896C6A0F50}.Debug|Any CPU.Build.0 = Debug|Any CPU
		{61EFEC1E-3312-447C-BA9E-4B896C6A0F50}.Debug|x64.ActiveCfg = Debug|Any CPU
		{61EFEC1E-3312-447C-BA9E-4B896C6A0F50}.Debug|x64.Build.0 = Debug|Any CPU
		{61EFEC1E-3312-447C-BA9E-4B896C6A0F50}.Debug|x86.ActiveCfg = Debug|Any CPU
		{61EFEC1E-3312-447C-BA9E-4B896C6A0F50}.Debug|x86.Build.0 = Debug|Any CPU
		{61EFEC1E-3312-447C-BA9E-4B896C6A0F50}.Release|Any CPU.ActiveCfg = Release|Any CPU
		{61EFEC1E-3312-447C-BA9E-4B896C6A0F50}.Release|Any CPU.Build.0 = Release|Any CPU
		{61EFEC1E-3312-447C-BA9E-4B896C6A0F50}.Release|x64.ActiveCfg = Release|Any CPU
		{61EFEC1E-3312-447C-BA9E-4B896C6A0F50}.Release|x64.Build.0 = Release|Any CPU
		{61EFEC1E-3312-447C-BA9E-4B896C6A0F50}.Release|x86.ActiveCfg = Release|Any CPU
		{61EFEC1E-3312-447C-BA9E-4B896C6A0F50}.Release|x86.Build.0 = Release|Any CPU
		{645CE458-935D-4BA4-8652-217CEDA2804E}.Debug|Any CPU.ActiveCfg = Debug|Any CPU
		{645CE458-935D-4BA4-8652-217CEDA2804E}.Debug|Any CPU.Build.0 = Debug|Any CPU
		{645CE458-935D-4BA4-8652-217CEDA2804E}.Debug|x64.ActiveCfg = Debug|Any CPU
		{645CE458-935D-4BA4-8652-217CEDA2804E}.Debug|x64.Build.0 = Debug|Any CPU
		{645CE458-935D-4BA4-8652-217CEDA2804E}.Debug|x86.ActiveCfg = Debug|Any CPU
		{645CE458-935D-4BA4-8652-217CEDA2804E}.Debug|x86.Build.0 = Debug|Any CPU
		{645CE458-935D-4BA4-8652-217CEDA2804E}.Release|Any CPU.ActiveCfg = Release|Any CPU
		{645CE458-935D-4BA4-8652-217CEDA2804E}.Release|Any CPU.Build.0 = Release|Any CPU
		{645CE458-935D-4BA4-8652-217CEDA2804E}.Release|x64.ActiveCfg = Release|Any CPU
		{645CE458-935D-4BA4-8652-217CEDA2804E}.Release|x64.Build.0 = Release|Any CPU
		{645CE458-935D-4BA4-8652-217CEDA2804E}.Release|x86.ActiveCfg = Release|Any CPU
		{645CE458-935D-4BA4-8652-217CEDA2804E}.Release|x86.Build.0 = Release|Any CPU
		{AEB6B1DA-E4E4-43CA-BFF1-BF3C8A44CE75}.Debug|Any CPU.ActiveCfg = Debug|Any CPU
		{AEB6B1DA-E4E4-43CA-BFF1-BF3C8A44CE75}.Debug|Any CPU.Build.0 = Debug|Any CPU
		{AEB6B1DA-E4E4-43CA-BFF1-BF3C8A44CE75}.Debug|x64.ActiveCfg = Debug|Any CPU
		{AEB6B1DA-E4E4-43CA-BFF1-BF3C8A44CE75}.Debug|x64.Build.0 = Debug|Any CPU
		{AEB6B1DA-E4E4-43CA-BFF1-BF3C8A44CE75}.Debug|x86.ActiveCfg = Debug|Any CPU
		{AEB6B1DA-E4E4-43CA-BFF1-BF3C8A44CE75}.Debug|x86.Build.0 = Debug|Any CPU
		{AEB6B1DA-E4E4-43CA-BFF1-BF3C8A44CE75}.Release|Any CPU.ActiveCfg = Release|Any CPU
		{AEB6B1DA-E4E4-43CA-BFF1-BF3C8A44CE75}.Release|Any CPU.Build.0 = Release|Any CPU
		{AEB6B1DA-E4E4-43CA-BFF1-BF3C8A44CE75}.Release|x64.ActiveCfg = Release|Any CPU
		{AEB6B1DA-E4E4-43CA-BFF1-BF3C8A44CE75}.Release|x64.Build.0 = Release|Any CPU
		{AEB6B1DA-E4E4-43CA-BFF1-BF3C8A44CE75}.Release|x86.ActiveCfg = Release|Any CPU
		{AEB6B1DA-E4E4-43CA-BFF1-BF3C8A44CE75}.Release|x86.Build.0 = Release|Any CPU
	EndGlobalSection
	GlobalSection(NestedProjects) = preSolution
		{30783998-0B7A-4EBA-AAF2-34C31356EC50} = {4D9B17D3-F503-475D-9712-A79889FDFB73}
		{EBD165F1-AC0C-4CF3-A3CF-14594A758CCD} = {4D9B17D3-F503-475D-9712-A79889FDFB73}
		{CF4F1C1D-9F35-4A25-89CA-93860842D410} = {4D9B17D3-F503-475D-9712-A79889FDFB73}
		{61EFEC1E-3312-447C-BA9E-4B896C6A0F50} = {F3A13433-E5BF-469A-B5DF-19436A9BD0E4}
		{645CE458-935D-4BA4-8652-217CEDA2804E} = {F3A13433-E5BF-469A-B5DF-19436A9BD0E4}
		{AEB6B1DA-E4E4-43CA-BFF1-BF3C8A44CE75} = {F3A13433-E5BF-469A-B5DF-19436A9BD0E4}
	EndGlobalSection
EndGlobal
